
Microsoft Visual Studio Solution File, Format Version 12.00
# Visual Studio 15
VisualStudioVersion = 15.0.28307.1231
MinimumVisualStudioVersion = 10.0.40219.1
Project("{FAE04EC0-301F-11D3-BF4B-00C04F79EFBC}") = "football", "football\football.csproj", "{C3C9F975-EBFB-4B37-9FA2-677B347E81CF}"
EndProject
Global
	GlobalSection(SolutionConfigurationPlatforms) = preSolution
		Debug|Any CPU = Debug|Any CPU
		Release|Any CPU = Release|Any CPU
	EndGlobalSection
	GlobalSection(ProjectConfigurationPlatforms) = postSolution
		{C3C9F975-EBFB-4B37-9FA2-677B347E81CF}.Debug|Any CPU.ActiveCfg = Debug|Any CPU
		{C3C9F975-EBFB-4B37-9FA2-677B347E81CF}.Debug|Any CPU.Build.0 = Debug|Any CPU
		{C3C9F975-EBFB-4B37-9FA2-677B347E81CF}.Release|Any CPU.ActiveCfg = Release|Any CPU
		{C3C9F975-EBFB-4B37-9FA2-677B347E81CF}.Release|Any CPU.Build.0 = Release|Any CPU
	EndGlobalSection
	GlobalSection(SolutionProperties) = preSolution
		HideSolutionNode = FALSE
	EndGlobalSection
	GlobalSection(ExtensibilityGlobals) = postSolution
		SolutionGuid = {EE0C6738-50A8-4DE3-AFFB-25A9C3BB6CA7}
	EndGlobalSection
EndGlobal
