
Microsoft Visual Studio Solution File, Format Version 12.00
# Visual Studio 15
VisualStudioVersion = 15.0.28307.1231
MinimumVisualStudioVersion = 10.0.40219.1
Project("{FAE04EC0-301F-11D3-BF4B-00C04F79EFBC}") = "StudentApp2", "StudentApp2\StudentApp2.csproj", "{1C63C5C2-4260-4432-9AB7-8481A0ED9262}"
EndProject
Global
	GlobalSection(SolutionConfigurationPlatforms) = preSolution
		Debug|Any CPU = Debug|Any CPU
		Release|Any CPU = Release|Any CPU
	EndGlobalSection
	GlobalSection(ProjectConfigurationPlatforms) = postSolution
		{1C63C5C2-4260-4432-9AB7-8481A0ED9262}.Debug|Any CPU.ActiveCfg = Debug|Any CPU
		{1C63C5C2-4260-4432-9AB7-8481A0ED9262}.Debug|Any CPU.Build.0 = Debug|Any CPU
		{1C63C5C2-4260-4432-9AB7-8481A0ED9262}.Release|Any CPU.ActiveCfg = Release|Any CPU
		{1C63C5C2-4260-4432-9AB7-8481A0ED9262}.Release|Any CPU.Build.0 = Release|Any CPU
	EndGlobalSection
	GlobalSection(SolutionProperties) = preSolution
		HideSolutionNode = FALSE
	EndGlobalSection
	GlobalSection(ExtensibilityGlobals) = postSolution
		SolutionGuid = {F6FFE154-A125-4A87-90F0-49F0C9949BC8}
	EndGlobalSection
EndGlobal
